
Microsoft Visual Studio Solution File, Format Version 12.00
# Visual Studio 15
VisualStudioVersion = 15.0.27428.2002
MinimumVisualStudioVersion = 10.0.40219.1
Project("{8BC9CEB8-8B4A-11D0-8D11-00A0C91BC942}") = "PrimeNumbers", "PrimeNumbers\PrimeNumbers.vcxproj", "{666EB159-698A-4E4C-BD48-A1457D205616}"
EndProject
Project("{8BC9CEB8-8B4A-11D0-8D11-00A0C91BC942}") = "MinAndMax", "MinAndMax\MinAndMax.vcxproj", "{94AD765D-8562-49F3-A519-6F13D3058C83}"
EndProject
Global
	GlobalSection(SolutionConfigurationPlatforms) = preSolution
		Debug|x64 = Debug|x64
		Debug|x86 = Debug|x86
		Release|x64 = Release|x64
		Release|x86 = Release|x86
	EndGlobalSection
	GlobalSection(ProjectConfigurationPlatforms) = postSolution
		{666EB159-698A-4E4C-BD48-A1457D205616}.Debug|x64.ActiveCfg = Debug|x64
		{666EB159-698A-4E4C-BD48-A1457D205616}.Debug|x64.Build.0 = Debug|x64
		{666EB159-698A-4E4C-BD48-A1457D205616}.Debug|x86.ActiveCfg = Debug|Win32
		{666EB159-698A-4E4C-BD48-A1457D205616}.Debug|x86.Build.0 = Debug|Win32
		{666EB159-698A-4E4C-BD48-A1457D205616}.Release|x64.ActiveCfg = Release|x64
		{666EB159-698A-4E4C-BD48-A1457D205616}.Release|x64.Build.0 = Release|x64
		{666EB159-698A-4E4C-BD48-A1457D205616}.Release|x86.ActiveCfg = Release|Win32
		{666EB159-698A-4E4C-BD48-A1457D205616}.Release|x86.Build.0 = Release|Win32
		{94AD765D-8562-49F3-A519-6F13D3058C83}.Debug|x64.ActiveCfg = Debug|x64
		{94AD765D-8562-49F3-A519-6F13D3058C83}.Debug|x64.Build.0 = Debug|x64
		{94AD765D-8562-49F3-A519-6F13D3058C83}.Debug|x86.ActiveCfg = Debug|Win32
		{94AD765D-8562-49F3-A519-6F13D3058C83}.Debug|x86.Build.0 = Debug|Win32
		{94AD765D-8562-49F3-A519-6F13D3058C83}.Release|x64.ActiveCfg = Release|x64
		{94AD765D-8562-49F3-A519-6F13D3058C83}.Release|x64.Build.0 = Release|x64
		{94AD765D-8562-49F3-A519-6F13D3058C83}.Release|x86.ActiveCfg = Release|Win32
		{94AD765D-8562-49F3-A519-6F13D3058C83}.Release|x86.Build.0 = Release|Win32
	EndGlobalSection
	GlobalSection(SolutionProperties) = preSolution
		HideSolutionNode = FALSE
	EndGlobalSection
	GlobalSection(ExtensibilityGlobals) = postSolution
		SolutionGuid = {A0E71F3B-CB96-4E9E-99AB-83ACC9266432}
	EndGlobalSection
EndGlobal
